
Microsoft Visual Studio Solution File, Format Version 12.00
# Visual Studio Version 17
VisualStudioVersion = 17.8.34316.72
MinimumVisualStudioVersion = 10.0.40219.1
Project("{9A19103F-16F7-4668-BE54-9A1E7A4F7556}") = "IdentityServer", "src\IdentityServer4\IdentityServer.csproj", "{9067589B-B517-4BAF-B894-8E0382A49165}"
EndProject
Project("{9A19103F-16F7-4668-BE54-9A1E7A4F7556}") = "ProtectedApi", "src\ProtectedApi\ProtectedApi.csproj", "{E5307456-CAC8-49E9-B482-BC54A5D21164}"
EndProject
Project("{2150E333-8FDC-42A3-9474-1A3956D46DE8}") = "Solution Items", "Solution Items", "{410EA0CB-7417-4E0E-AD7F-D8160A0CB029}"
	ProjectSection(SolutionItems) = preProject
		README.md = README.md
	EndProjectSection
EndProject
Project("{9A19103F-16F7-4668-BE54-9A1E7A4F7556}") = "ClientApp", "src\ClientApp\ClientApp.csproj", "{9845DE96-08E8-4FA1-B207-821E06E6F89C}"
EndProject
Global
	GlobalSection(SolutionConfigurationPlatforms) = preSolution
		Debug|Any CPU = Debug|Any CPU
		Release|Any CPU = Release|Any CPU
	EndGlobalSection
	GlobalSection(ProjectConfigurationPlatforms) = postSolution
		{9067589B-B517-4BAF-B894-8E0382A49165}.Debug|Any CPU.ActiveCfg = Debug|Any CPU
		{9067589B-B517-4BAF-B894-8E0382A49165}.Debug|Any CPU.Build.0 = Debug|Any CPU
		{9067589B-B517-4BAF-B894-8E0382A49165}.Release|Any CPU.ActiveCfg = Release|Any CPU
		{9067589B-B517-4BAF-B894-8E0382A49165}.Release|Any CPU.Build.0 = Release|Any CPU
		{E5307456-CAC8-49E9-B482-BC54A5D21164}.Debug|Any CPU.ActiveCfg = Debug|Any CPU
		{E5307456-CAC8-49E9-B482-BC54A5D21164}.Debug|Any CPU.Build.0 = Debug|Any CPU
		{E5307456-CAC8-49E9-B482-BC54A5D21164}.Release|Any CPU.ActiveCfg = Release|Any CPU
		{E5307456-CAC8-49E9-B482-BC54A5D21164}.Release|Any CPU.Build.0 = Release|Any CPU
		{9845DE96-08E8-4FA1-B207-821E06E6F89C}.Debug|Any CPU.ActiveCfg = Debug|Any CPU
		{9845DE96-08E8-4FA1-B207-821E06E6F89C}.Debug|Any CPU.Build.0 = Debug|Any CPU
		{9845DE96-08E8-4FA1-B207-821E06E6F89C}.Release|Any CPU.ActiveCfg = Release|Any CPU
		{9845DE96-08E8-4FA1-B207-821E06E6F89C}.Release|Any CPU.Build.0 = Release|Any CPU
	EndGlobalSection
	GlobalSection(SolutionProperties) = preSolution
		HideSolutionNode = FALSE
	EndGlobalSection
	GlobalSection(ExtensibilityGlobals) = postSolution
		SolutionGuid = {7CC5FA6C-18FB-4431-8CF1-660EDB907F1D}
	EndGlobalSection
EndGlobal
